
Microsoft Visual Studio Solution File, Format Version 12.00
# Visual Studio 15
VisualStudioVersion = 15.0.28010.2041
MinimumVisualStudioVersion = 10.0.40219.1
Project("{CC5FD16D-436D-48AD-A40C-5A424C6E3E79}") = "AzureCloudServiceDemo", "AzureCloudServiceDemo\AzureCloudServiceDemo.ccproj", "{190F2E66-A857-47CF-A3B9-5DAF2B22B761}"
EndProject
Project("{FAE04EC0-301F-11D3-BF4B-00C04F79EFBC}") = "WebRole1", "WebRole1\WebRole1.csproj", "{9C0DD42A-2B03-4456-8409-0AFAA44BA0D4}"
EndProject
Project("{FAE04EC0-301F-11D3-BF4B-00C04F79EFBC}") = "WorkerRoleWithSBQueue1", "WorkerRoleWithSBQueue1\WorkerRoleWithSBQueue1.csproj", "{15BD4AC0-8B24-42C9-BFD5-44D9EA964D4F}"
EndProject
Global
	GlobalSection(SolutionConfigurationPlatforms) = preSolution
		Debug|Any CPU = Debug|Any CPU
		Release|Any CPU = Release|Any CPU
	EndGlobalSection
	GlobalSection(ProjectConfigurationPlatforms) = postSolution
		{190F2E66-A857-47CF-A3B9-5DAF2B22B761}.Debug|Any CPU.ActiveCfg = Debug|Any CPU
		{190F2E66-A857-47CF-A3B9-5DAF2B22B761}.Debug|Any CPU.Build.0 = Debug|Any CPU
		{190F2E66-A857-47CF-A3B9-5DAF2B22B761}.Release|Any CPU.ActiveCfg = Release|Any CPU
		{190F2E66-A857-47CF-A3B9-5DAF2B22B761}.Release|Any CPU.Build.0 = Release|Any CPU
		{9C0DD42A-2B03-4456-8409-0AFAA44BA0D4}.Debug|Any CPU.ActiveCfg = Debug|Any CPU
		{9C0DD42A-2B03-4456-8409-0AFAA44BA0D4}.Debug|Any CPU.Build.0 = Debug|Any CPU
		{9C0DD42A-2B03-4456-8409-0AFAA44BA0D4}.Release|Any CPU.ActiveCfg = Release|Any CPU
		{9C0DD42A-2B03-4456-8409-0AFAA44BA0D4}.Release|Any CPU.Build.0 = Release|Any CPU
		{15BD4AC0-8B24-42C9-BFD5-44D9EA964D4F}.Debug|Any CPU.ActiveCfg = Debug|Any CPU
		{15BD4AC0-8B24-42C9-BFD5-44D9EA964D4F}.Debug|Any CPU.Build.0 = Debug|Any CPU
		{15BD4AC0-8B24-42C9-BFD5-44D9EA964D4F}.Release|Any CPU.ActiveCfg = Release|Any CPU
		{15BD4AC0-8B24-42C9-BFD5-44D9EA964D4F}.Release|Any CPU.Build.0 = Release|Any CPU
	EndGlobalSection
	GlobalSection(SolutionProperties) = preSolution
		HideSolutionNode = FALSE
	EndGlobalSection
	GlobalSection(ExtensibilityGlobals) = postSolution
		SolutionGuid = {EFFE4F86-75F4-498C-B168-C91BEA2D83BD}
	EndGlobalSection
EndGlobal
